
Microsoft Visual Studio Solution File, Format Version 12.00
# Visual Studio Version 17
VisualStudioVersion = 17.11.35312.102
MinimumVisualStudioVersion = 10.0.40219.1
Project("{FAE04EC0-301F-11D3-BF4B-00C04F79EFBC}") = "ViettelWallClient", "ViettelWallClient\ViettelWallClient.csproj", "{753B777F-5744-4AE7-81EE-504EDDE3A679}"
EndProject
Global
	GlobalSection(SolutionConfigurationPlatforms) = preSolution
		Debug|Any CPU = Debug|Any CPU
		Release|Any CPU = Release|Any CPU
	EndGlobalSection
	GlobalSection(ProjectConfigurationPlatforms) = postSolution
		{753B777F-5744-4AE7-81EE-504EDDE3A679}.Debug|Any CPU.ActiveCfg = Debug|Any CPU
		{753B777F-5744-4AE7-81EE-504EDDE3A679}.Debug|Any CPU.Build.0 = Debug|Any CPU
		{753B777F-5744-4AE7-81EE-504EDDE3A679}.Release|Any CPU.ActiveCfg = Release|Any CPU
		{753B777F-5744-4AE7-81EE-504EDDE3A679}.Release|Any CPU.Build.0 = Release|Any CPU
	EndGlobalSection
	GlobalSection(SolutionProperties) = preSolution
		HideSolutionNode = FALSE
	EndGlobalSection
	GlobalSection(ExtensibilityGlobals) = postSolution
		SolutionGuid = {B316CCCB-5881-469A-8863-7C2A29B27DDF}
	EndGlobalSection
EndGlobal
