
Microsoft Visual Studio Solution File, Format Version 12.00
# Visual Studio Version 17
VisualStudioVersion = 17.11.35312.102
MinimumVisualStudioVersion = 10.0.40219.1
Project("{FAE04EC0-301F-11D3-BF4B-00C04F79EFBC}") = "ViettelWallClientNet8", "ViettelWallClientNet8\ViettelWallClientNet8.csproj", "{9ED782A2-F029-4831-9B9B-884694DF96AE}"
EndProject
Global
	GlobalSection(SolutionConfigurationPlatforms) = preSolution
		Debug|Any CPU = Debug|Any CPU
		Release|Any CPU = Release|Any CPU
	EndGlobalSection
	GlobalSection(ProjectConfigurationPlatforms) = postSolution
		{9ED782A2-F029-4831-9B9B-884694DF96AE}.Debug|Any CPU.ActiveCfg = Debug|Any CPU
		{9ED782A2-F029-4831-9B9B-884694DF96AE}.Debug|Any CPU.Build.0 = Debug|Any CPU
		{9ED782A2-F029-4831-9B9B-884694DF96AE}.Release|Any CPU.ActiveCfg = Release|Any CPU
		{9ED782A2-F029-4831-9B9B-884694DF96AE}.Release|Any CPU.Build.0 = Release|Any CPU
	EndGlobalSection
	GlobalSection(SolutionProperties) = preSolution
		HideSolutionNode = FALSE
	EndGlobalSection
	GlobalSection(ExtensibilityGlobals) = postSolution
		SolutionGuid = {15A0D167-37B2-4A4D-A4ED-E0F9A15F5F09}
	EndGlobalSection
EndGlobal
